{
  "version": "5",
  "redirects": {
    "https://esm.sh/@supabase/supabase-js@2": "https://esm.sh/@supabase/supabase-js@2.108.2"
  },
  "remote": {
    "https://deno.land/std@0.168.0/async/abortable.ts": "80b2ac399f142cc528f95a037a7d0e653296352d95c681e284533765961de409",
    "https://deno.land/std@0.168.0/async/deadline.ts": "2c2deb53c7c28ca1dda7a3ad81e70508b1ebc25db52559de6b8636c9278fd41f",
    "https://deno.land/std@0.168.0/async/debounce.ts": "60301ffb37e730cd2d6f9dadfd0ecb2a38857681bd7aaf6b0a106b06e5210a98",
    "https://deno.land/std@0.168.0/async/deferred.ts": "77d3f84255c3627f1cc88699d8472b664d7635990d5358c4351623e098e917d6",
    "https://deno.land/std@0.168.0/async/delay.ts": "5a9bfba8de38840308a7a33786a0155a7f6c1f7a859558ddcec5fe06e16daf57",
    "https://deno.land/std@0.168.0/async/mod.ts": "7809ad4bb223e40f5fdc043e5c7ca04e0e25eed35c32c3c32e28697c553fa6d9",
    "https://deno.land/std@0.168.0/async/mux_async_iterator.ts": "770a0ff26c59f8bbbda6b703a2235f04e379f73238e8d66a087edc68c2a2c35f",
    "https://deno.land/std@0.168.0/async/pool.ts": "6854d8cd675a74c73391c82005cbbe4cc58183bddcd1fbbd7c2bcda42b61cf69",
    "https://deno.land/std@0.168.0/async/retry.ts": "e8e5173623915bbc0ddc537698fa418cf875456c347eda1ed453528645b42e67",
    "https://deno.land/std@0.168.0/async/tee.ts": "3a47cc4e9a940904fd4341f0224907e199121c80b831faa5ec2b054c6d2eff5e",
    "https://deno.land/std@0.168.0/http/server.ts": "e99c1bee8a3f6571ee4cdeb2966efad465b8f6fe62bec1bdb59c1f007cc4d155",
    "https://esm.sh/@supabase/supabase-js@2.108.2": "7fbe17c4ef67b80d388cef1f0a0c7ecb28b2b1c3c4110875925a4bc82ff28e13"
  },
  "workspace": {
    "packageJson": {
      "dependencies": [
        "npm:@expo/metro-runtime@~55.0.6",
        "npm:@expo/vector-icons@^15.0.2",
        "npm:@napi-rs/canvas@~0.1.97",
        "npm:@react-native-async-storage/async-storage@2.2.0",
        "npm:@react-navigation/bottom-tabs@^7.15.8",
        "npm:@react-navigation/native-stack@^7.14.9",
        "npm:@react-navigation/native@^7.2.1",
        "npm:@supabase/supabase-js@^2.100.1",
        "npm:@types/react@~19.2.2",
        "npm:expo-constants@~55.0.9",
        "npm:expo-device@~55.0.10",
        "npm:expo-file-system@~55.0.22",
        "npm:expo-image-picker@~55.0.20",
        "npm:expo-linking@~55.0.8",
        "npm:expo-notifications@~55.0.13",
        "npm:expo-status-bar@~55.0.4",
        "npm:expo@~55.0.8",
        "npm:react-dom@19.2.0",
        "npm:react-native-safe-area-context@~5.6.2",
        "npm:react-native-screens@4.23",
        "npm:react-native-url-polyfill@3",
        "npm:react-native-web@0.21",
        "npm:react-native-webview@13.16.0",
        "npm:react-native@0.83.2",
        "npm:react@19.2.0",
        "npm:typescript@~5.9.2",
        "npm:zustand@^5.0.12"
      ]
    }
  }
}
